
Microsoft Visual Studio Solution File, Format Version 12.00
# Visual Studio Version 17
VisualStudioVersion = 17.13.35825.156
MinimumVisualStudioVersion = 10.0.40219.1
Project("{FAE04EC0-301F-11D3-BF4B-00C04F79EFBC}") = "No-Fast-No-Fun-Wpf", "No-Fast-No-Fun-Wpf.csproj", "{B383AF2A-EC45-4175-B313-3E463C684D1E}"
EndProject
Project("{FAE04EC0-301F-11D3-BF4B-00C04F79EFBC}") = "Core", "..\Core\Core.csproj", "{F9AB7968-BA2C-401B-9BE7-6E68D66BEA31}"
EndProject
Project("{FAE04EC0-301F-11D3-BF4B-00C04F79EFBC}") = "Services", "..\Services\Services.csproj", "{B7084384-E39F-4597-AB82-4750C0627D3E}"
EndProject
Global
	GlobalSection(SolutionConfigurationPlatforms) = preSolution
		Debug|Any CPU = Debug|Any CPU
		Release|Any CPU = Release|Any CPU
	EndGlobalSection
	GlobalSection(ProjectConfigurationPlatforms) = postSolution
		{B383AF2A-EC45-4175-B313-3E463C684D1E}.Debug|Any CPU.ActiveCfg = Debug|Any CPU
		{B383AF2A-EC45-4175-B313-3E463C684D1E}.Debug|Any CPU.Build.0 = Debug|Any CPU
		{B383AF2A-EC45-4175-B313-3E463C684D1E}.Release|Any CPU.ActiveCfg = Release|Any CPU
		{B383AF2A-EC45-4175-B313-3E463C684D1E}.Release|Any CPU.Build.0 = Release|Any CPU
		{F9AB7968-BA2C-401B-9BE7-6E68D66BEA31}.Debug|Any CPU.ActiveCfg = Debug|Any CPU
		{F9AB7968-BA2C-401B-9BE7-6E68D66BEA31}.Debug|Any CPU.Build.0 = Debug|Any CPU
		{F9AB7968-BA2C-401B-9BE7-6E68D66BEA31}.Release|Any CPU.ActiveCfg = Release|Any CPU
		{F9AB7968-BA2C-401B-9BE7-6E68D66BEA31}.Release|Any CPU.Build.0 = Release|Any CPU
		{B7084384-E39F-4597-AB82-4750C0627D3E}.Debug|Any CPU.ActiveCfg = Debug|Any CPU
		{B7084384-E39F-4597-AB82-4750C0627D3E}.Debug|Any CPU.Build.0 = Debug|Any CPU
		{B7084384-E39F-4597-AB82-4750C0627D3E}.Release|Any CPU.ActiveCfg = Release|Any CPU
		{B7084384-E39F-4597-AB82-4750C0627D3E}.Release|Any CPU.Build.0 = Release|Any CPU
	EndGlobalSection
	GlobalSection(SolutionProperties) = preSolution
		HideSolutionNode = FALSE
	EndGlobalSection
	GlobalSection(ExtensibilityGlobals) = postSolution
		SolutionGuid = {9B936B06-71B8-4093-8913-96C4982C5AE9}
	EndGlobalSection
EndGlobal
